
Microsoft Visual Studio Solution File, Format Version 12.00
# Visual Studio 15
VisualStudioVersion = 15.0.28307.489
MinimumVisualStudioVersion = 10.0.40219.1
Project("{FAE04EC0-301F-11D3-BF4B-00C04F79EFBC}") = "WebApi", "WebApi\WebApi.csproj", "{FE5E89E4-3715-4272-8D03-6E185CA60ECC}"
EndProject
Project("{FAE04EC0-301F-11D3-BF4B-00C04F79EFBC}") = "WebPresentationMVC", "WebPresentationMVC\WebPresentationMVC.csproj", "{64AF4A0B-78FB-46E7-8715-4987574244D5}"
EndProject
Project("{FAE04EC0-301F-11D3-BF4B-00C04F79EFBC}") = "DataAccessLayer", "DataAccessLayer\DataAccessLayer.csproj", "{FB518FE7-EEEE-486F-BFBC-AA333D0EA21A}"
EndProject
Global
	GlobalSection(SolutionConfigurationPlatforms) = preSolution
		Debug|Any CPU = Debug|Any CPU
		Release|Any CPU = Release|Any CPU
	EndGlobalSection
	GlobalSection(ProjectConfigurationPlatforms) = postSolution
		{FE5E89E4-3715-4272-8D03-6E185CA60ECC}.Debug|Any CPU.ActiveCfg = Debug|Any CPU
		{FE5E89E4-3715-4272-8D03-6E185CA60ECC}.Debug|Any CPU.Build.0 = Debug|Any CPU
		{FE5E89E4-3715-4272-8D03-6E185CA60ECC}.Release|Any CPU.ActiveCfg = Release|Any CPU
		{FE5E89E4-3715-4272-8D03-6E185CA60ECC}.Release|Any CPU.Build.0 = Release|Any CPU
		{64AF4A0B-78FB-46E7-8715-4987574244D5}.Debug|Any CPU.ActiveCfg = Debug|Any CPU
		{64AF4A0B-78FB-46E7-8715-4987574244D5}.Debug|Any CPU.Build.0 = Debug|Any CPU
		{64AF4A0B-78FB-46E7-8715-4987574244D5}.Release|Any CPU.ActiveCfg = Release|Any CPU
		{64AF4A0B-78FB-46E7-8715-4987574244D5}.Release|Any CPU.Build.0 = Release|Any CPU
		{FB518FE7-EEEE-486F-BFBC-AA333D0EA21A}.Debug|Any CPU.ActiveCfg = Debug|Any CPU
		{FB518FE7-EEEE-486F-BFBC-AA333D0EA21A}.Debug|Any CPU.Build.0 = Debug|Any CPU
		{FB518FE7-EEEE-486F-BFBC-AA333D0EA21A}.Release|Any CPU.ActiveCfg = Release|Any CPU
		{FB518FE7-EEEE-486F-BFBC-AA333D0EA21A}.Release|Any CPU.Build.0 = Release|Any CPU
	EndGlobalSection
	GlobalSection(SolutionProperties) = preSolution
		HideSolutionNode = FALSE
	EndGlobalSection
	GlobalSection(ExtensibilityGlobals) = postSolution
		SolutionGuid = {34AA6BFD-5F7A-4867-8DC9-12908DE81EF8}
	EndGlobalSection
EndGlobal
